
Microsoft Visual Studio Solution File, Format Version 12.00
# Visual Studio 15
VisualStudioVersion = 15.0.28307.489
MinimumVisualStudioVersion = 10.0.40219.1
Project("{9A19103F-16F7-4668-BE54-9A1E7A4F7556}") = "FantasyCricket", "FantasyCricket\FantasyCricket.csproj", "{E7BE6787-7BE4-4C96-BD46-539D39C083F5}"
EndProject
Project("{9A19103F-16F7-4668-BE54-9A1E7A4F7556}") = "FantasyCricketTests", "FantasyCricketTests\FantasyCricketTests.csproj", "{3CBB05B2-4AC9-48F8-9536-9606BCE4AB26}"
EndProject
Global
	GlobalSection(SolutionConfigurationPlatforms) = preSolution
		Debug|Any CPU = Debug|Any CPU
		Release|Any CPU = Release|Any CPU
	EndGlobalSection
	GlobalSection(ProjectConfigurationPlatforms) = postSolution
		{E7BE6787-7BE4-4C96-BD46-539D39C083F5}.Debug|Any CPU.ActiveCfg = Debug|Any CPU
		{E7BE6787-7BE4-4C96-BD46-539D39C083F5}.Debug|Any CPU.Build.0 = Debug|Any CPU
		{E7BE6787-7BE4-4C96-BD46-539D39C083F5}.Release|Any CPU.ActiveCfg = Release|Any CPU
		{E7BE6787-7BE4-4C96-BD46-539D39C083F5}.Release|Any CPU.Build.0 = Release|Any CPU
		{3CBB05B2-4AC9-48F8-9536-9606BCE4AB26}.Debug|Any CPU.ActiveCfg = Debug|Any CPU
		{3CBB05B2-4AC9-48F8-9536-9606BCE4AB26}.Debug|Any CPU.Build.0 = Debug|Any CPU
		{3CBB05B2-4AC9-48F8-9536-9606BCE4AB26}.Release|Any CPU.ActiveCfg = Release|Any CPU
		{3CBB05B2-4AC9-48F8-9536-9606BCE4AB26}.Release|Any CPU.Build.0 = Release|Any CPU
	EndGlobalSection
	GlobalSection(SolutionProperties) = preSolution
		HideSolutionNode = FALSE
	EndGlobalSection
	GlobalSection(ExtensibilityGlobals) = postSolution
		SolutionGuid = {8E921C42-688E-41D0-A677-C2153416E6F0}
	EndGlobalSection
EndGlobal
